PackratFormat: 1.4
PackratVersion: 0.4.3.27
RVersion: 3.2.0
Repos: CRAN=http://cran.rstudio.com/,
    CRANextra=http://www.stats.ox.ac.uk/pub/RWin

Package: AICcmodavg
Source: CRAN
Version: 2.0-3
Requires: VGAM, unmarked, xtable

Package: BH
Source: CRAN
Version: 1.58.0-1

Package: DBI
Source: CRAN
Version: 0.3.1
Hash: 096699d1ac1cf530acfc646a0c90ee5d

Package: R6
Source: CRAN
Version: 2.0.1
Hash: 40dff191bf683de95a0b131f9509647e

Package: RColorBrewer
Source: CRAN
Version: 1.1-2

Package: Rcpp
Source: CRAN
Version: 0.11.6

Package: RcppArmadillo
Source: CRAN
Version: 0.5.100.1.0
Requires: Rcpp

Package: RcppEigen
Source: CRAN
Version: 0.3.2.4.0
Requires: Rcpp
Hash: fc2c29250b64994dfb2f22bbcbffdba9

Package: VGAM
Source: CRAN
Version: 0.9-8

Package: assertthat
Source: CRAN
Version: 0.1
Hash: 0afb92b59b02593c70ff8046700ba9d3

Package: bitops
Source: CRAN
Version: 1.0-6
Hash: 67d0775189fd0041d95abca618c5c07e

Package: broom
Source: CRAN
Version: 0.3.7
Requires: dplyr, plyr, psych, stringr, tidyr
Hash: 150eac9d9e63e93f5dff9607883d43f9

Package: caTools
Source: CRAN
Version: 1.17.1
Requires: bitops
Hash: 97cb6f6293cd18d17df77a6383cc6763

Package: colorspace
Source: CRAN
Version: 1.2-6

Package: curl
Source: CRAN
Version: 0.7

Package: dichromat
Source: CRAN
Version: 2.0-0

Package: digest
Source: CRAN
Version: 0.6.8

Package: dplyr
Source: CRAN
Version: 0.4.1
Requires: BH, DBI, R6, Rcpp, assertthat, lazyeval, magrittr
Hash: ab83070cf897fcc5575cedd09c9b897a

Package: evaluate
Source: CRAN
Version: 0.7
Requires: stringr
Hash: a60973dc1469b851e9b099b7e47043b5

Package: formatR
Source: CRAN
Version: 1.2
Hash: cce53206179a99ae5a8bcf154ab5abde

Package: ggplot2
Source: CRAN
Version: 1.0.1
Requires: digest, plyr, reshape2, gtable, proto, scales

Package: gtable
Source: CRAN
Version: 0.1.2

Package: gtools
Source: CRAN
Version: 3.5.0
Hash: 471b2e2452dfb30fdc1dd6f1b567925a

Package: highr
Source: CRAN
Version: 0.5
Hash: 25f9c02030b94c8154273699a7df9cf8

Package: htmltools
Source: CRAN
Version: 0.2.6
Requires: digest
Hash: 595e7dea94f5f049dfc1ed739f5161af

Package: knitr
Source: CRAN
Version: 1.10.5
Requires: digest, evaluate, formatR, highr, markdown, stringr, yaml
Hash: 3734733a01c3a749fcf26a6c9adfb8e4

Package: labeling
Source: CRAN
Version: 0.3

Package: lazyeval
Source: CRAN
Version: 0.1.10
Hash: 9679f1ac7f6bc07bc79755f34cd15e1f

Package: lme4
Source: CRAN
Version: 1.1-7
Requires: Rcpp, RcppEigen, minqa, nloptr
Hash: b8d3c47504b97e1734bd949ee934c083

Package: magrittr
Source: CRAN
Version: 1.5

Package: markdown
Source: CRAN
Version: 0.7.7
Requires: mime
Hash: fea2343a1119d61b0cc5c0a950d103a3

Package: mime
Source: CRAN
Version: 0.3
Hash: 629133973445ad75e5438a2bb6b05c17

Package: minqa
Source: CRAN
Version: 1.2.4
Requires: Rcpp
Hash: ed952a0018b0066ccda02e0d893df953

Package: mnormt
Source: CRAN
Version: 1.5-3
Hash: d23b1cdede7a20437b68aa11f51958b8

Package: munsell
Source: CRAN
Version: 0.4.2
Requires: colorspace

Package: nloptr
Source: CRAN
Version: 1.0.4
Hash: 8053df240a4635aeb54fc68c6de67709

Package: packrat
Source: source
Version: 0.4.3-27
Hash: e541a5e2e7a02034a60f288b0fdf9a43

Package: plyr
Source: CRAN
Version: 1.8.2
Requires: Rcpp

Package: proto
Source: CRAN
Version: 0.3-10

Package: psych
Source: CRAN
Version: 1.5.4
Requires: mnormt
Hash: 1ba194c7c85f51e7e8fa597e878f35b4

Package: readr
Source: CRAN
Version: 0.1.1
Requires: BH, Rcpp, curl

Package: reshape
Source: CRAN
Version: 0.8.5
Requires: plyr

Package: reshape2
Source: CRAN
Version: 1.4.1
Requires: Rcpp, plyr, stringr

Package: rmarkdown
Source: CRAN
Version: 0.6.1
Requires: caTools, htmltools, knitr, yaml
Hash: 59d5e80fa1c4e98f26578672def5dd01

Package: scales
Source: CRAN
Version: 0.2.4
Requires: plyr, RColorBrewer, dichromat, labeling, munsell

Package: stringi
Source: CRAN
Version: 0.4-1

Package: stringr
Source: CRAN
Version: 1.0.0
Requires: magrittr, stringi

Package: tidyr
Source: CRAN
Version: 0.2.0
Requires: dplyr, lazyeval, reshape2, stringi
Hash: 3445f04db2073bc56edcf672268ad48a

Package: unmarked
Source: CRAN
Version: 0.10-6
Requires: Rcpp, plyr, RcppArmadillo, reshape

Package: xtable
Source: CRAN
Version: 1.7-4

Package: yaml
Source: CRAN
Version: 2.1.13
Hash: 4854ccabebc225e8a7309fb4a74980de
